
Microsoft Visual Studio Solution File, Format Version 12.00
# Visual Studio Version 17
VisualStudioVersion = 17.11.35327.3
MinimumVisualStudioVersion = 10.0.40219.1
Project("{9A19103F-16F7-4668-BE54-9A1E7A4F7556}") = "LBTT_Calculator", "LBTT_Calculator\LBTT_Calculator.csproj", "{C45798CD-B1C1-412A-9969-E36740C00DA0}"
EndProject
Project("{9A19103F-16F7-4668-BE54-9A1E7A4F7556}") = "Tests", "Tests\Tests.csproj", "{8B818D31-B08E-4ADC-8AFA-0F00D6AB77CF}"
EndProject
Project("{9A19103F-16F7-4668-BE54-9A1E7A4F7556}") = "LBTTCalculatorAPI", "LBTTCalculatorAPI\LBTTCalculatorAPI.csproj", "{3469D2B7-1A59-4ED1-A891-B9C2600FD2DD}"
EndProject
Global
	GlobalSection(SolutionConfigurationPlatforms) = preSolution
		Debug|Any CPU = Debug|Any CPU
		Release|Any CPU = Release|Any CPU
	EndGlobalSection
	GlobalSection(ProjectConfigurationPlatforms) = postSolution
		{C45798CD-B1C1-412A-9969-E36740C00DA0}.Debug|Any CPU.ActiveCfg = Debug|Any CPU
		{C45798CD-B1C1-412A-9969-E36740C00DA0}.Debug|Any CPU.Build.0 = Debug|Any CPU
		{C45798CD-B1C1-412A-9969-E36740C00DA0}.Release|Any CPU.ActiveCfg = Release|Any CPU
		{C45798CD-B1C1-412A-9969-E36740C00DA0}.Release|Any CPU.Build.0 = Release|Any CPU
		{8B818D31-B08E-4ADC-8AFA-0F00D6AB77CF}.Debug|Any CPU.ActiveCfg = Debug|Any CPU
		{8B818D31-B08E-4ADC-8AFA-0F00D6AB77CF}.Debug|Any CPU.Build.0 = Debug|Any CPU
		{8B818D31-B08E-4ADC-8AFA-0F00D6AB77CF}.Release|Any CPU.ActiveCfg = Release|Any CPU
		{8B818D31-B08E-4ADC-8AFA-0F00D6AB77CF}.Release|Any CPU.Build.0 = Release|Any CPU
		{3469D2B7-1A59-4ED1-A891-B9C2600FD2DD}.Debug|Any CPU.ActiveCfg = Debug|Any CPU
		{3469D2B7-1A59-4ED1-A891-B9C2600FD2DD}.Debug|Any CPU.Build.0 = Debug|Any CPU
		{3469D2B7-1A59-4ED1-A891-B9C2600FD2DD}.Release|Any CPU.ActiveCfg = Release|Any CPU
		{3469D2B7-1A59-4ED1-A891-B9C2600FD2DD}.Release|Any CPU.Build.0 = Release|Any CPU
	EndGlobalSection
	GlobalSection(SolutionProperties) = preSolution
		HideSolutionNode = FALSE
	EndGlobalSection
	GlobalSection(ExtensibilityGlobals) = postSolution
		SolutionGuid = {683021A4-8AD7-4D51-89A9-82D341171434}
	EndGlobalSection
EndGlobal
